// !$*UTF8*$!
{
	archiveVersion = 1;
	classes = {
	};
	objectVersion = 52;
	objects = {

/* Begin PBXBuildFile section */
		40E2590925B26B890071C326 /* Blue Wednesday - Sayonara.mp3 in Resources */ = {isa = PBXBuildFile; fileRef = 40A411DA25B25CFA00203F04 /* Blue Wednesday - Sayonara.mp3 */; };
		40E2590B25B26B8E0071C326 /* Apple.usdc in Resources */ = {isa = PBXBuildFile; fileRef = 40E2590425B26A710071C326 /* Apple.usdc */; };
		4A4B691525AEF7EE00123F05 /* Model.swift in Sources */ = {isa = PBXBuildFile; fileRef = 4A4B691425AEF7EE00123F05 /* Model.swift */; };
		4A4B691925AEFEF500123F05 /* FocusEntity in Frameworks */ = {isa = PBXBuildFile; productRef = 4A4B691825AEFEF500123F05 /* FocusEntity */; };
		4A66E8B425ACFDA4004972FF /* AppDelegate.swift in Sources */ = {isa = PBXBuildFile; fileRef = 4A66E8B325ACFDA4004972FF /* AppDelegate.swift */; };
		4A66E8B625ACFDA5004972FF /* ContentView.swift in Sources */ = {isa = PBXBuildFile; fileRef = 4A66E8B525ACFDA5004972FF /* ContentView.swift */; };
		4A66E8BA25ACFDA8004972FF /* Assets.xcassets in Resources */ = {isa = PBXBuildFile; fileRef = 4A66E8B925ACFDA8004972FF /* Assets.xcassets */; };
		4A66E8BD25ACFDA8004972FF /* Preview Assets.xcassets in Resources */ = {isa = PBXBuildFile; fileRef = 4A66E8BC25ACFDA8004972FF /* Preview Assets.xcassets */; };
/* End PBXBuildFile section */

/* Begin PBXFileReference section */
		40A411DA25B25CFA00203F04 /* Blue Wednesday - Sayonara.mp3 */ = {isa = PBXFileReference; lastKnownFileType = audio.mp3; name = "Blue Wednesday - Sayonara.mp3"; path = "../../../../../Desktop/Blue Wednesday - Sayonara.mp3"; sourceTree = "<group>"; };
		40E2590425B26A710071C326 /* Apple.usdc */ = {isa = PBXFileReference; lastKnownFileType = file; name = Apple.usdc; path = ../../../../../Desktop/Apple.usdc; sourceTree = "<group>"; };
		4A4B691425AEF7EE00123F05 /* Model.swift */ = {isa = PBXFileReference; lastKnownFileType = sourcecode.swift; path = Model.swift; sourceTree = "<group>"; };
		4A66E8B025ACFDA4004972FF /* SpeakAR.app */ = {isa = PBXFileReference; explicitFileType = wrapper.application; includeInIndex = 0; path = SpeakAR.app; sourceTree = BUILT_PRODUCTS_DIR; };
		4A66E8B325ACFDA4004972FF /* AppDelegate.swift */ = {isa = PBXFileReference; lastKnownFileType = sourcecode.swift; path = AppDelegate.swift; sourceTree = "<group>"; };
		4A66E8B525ACFDA5004972FF /* ContentView.swift */ = {isa = PBXFileReference; lastKnownFileType = sourcecode.swift; path = ContentView.swift; sourceTree = "<group>"; };
		4A66E8B925ACFDA8004972FF /* Assets.xcassets */ = {isa = PBXFileReference; lastKnownFileType = folder.assetcatalog; path = Assets.xcassets; sourceTree = "<group>"; };
		4A66E8BC25ACFDA8004972FF /* Preview Assets.xcassets */ = {isa = PBXFileReference; lastKnownFileType = folder.assetcatalog; path = "Preview Assets.xcassets"; sourceTree = "<group>"; };
		4A66E8BE25ACFDA8004972FF /* Info.plist */ = {isa = PBXFileReference; lastKnownFileType = text.plist.xml; path = Info.plist; sourceTree = "<group>"; };
		4ACA86BA25AFCC0C007ADEEF /* Apple.usdc */ = {isa = PBXFileReference; lastKnownFileType = file; name = Apple.usdc; path = ../../../Apple.usdc; sourceTree = "<group>"; };
/* End PBXFileReference section */

/* Begin PBXFrameworksBuildPhase section */
		4A66E8AD25ACFDA4004972FF /* Frameworks */ = {
			isa = PBXFrameworksBuildPhase;
			buildActionMask = 2147483647;
			files = (
				4A4B691925AEFEF500123F05 /* FocusEntity in Frameworks */,
			);
			runOnlyForDeploymentPostprocessing = 0;
		};
/* End PBXFrameworksBuildPhase section */

/* Begin PBXGroup section */
		40A411D825B25C9F00203F04 /* Recovered References */ = {
			isa = PBXGroup;
			children = (
				4ACA86BA25AFCC0C007ADEEF /* Apple.usdc */,
			);
			name = "Recovered References";
			sourceTree = "<group>";
		};
		4A66E8A725ACFDA4004972FF = {
			isa = PBXGroup;
			children = (
				4A66E8B225ACFDA4004972FF /* speakAR */,
				4A66E8B125ACFDA4004972FF /* Products */,
				40A411D825B25C9F00203F04 /* Recovered References */,
			);
			sourceTree = "<group>";
		};
		4A66E8B125ACFDA4004972FF /* Products */ = {
			isa = PBXGroup;
			children = (
				4A66E8B025ACFDA4004972FF /* SpeakAR.app */,
			);
			name = Products;
			sourceTree = "<group>";
		};
		4A66E8B225ACFDA4004972FF /* speakAR */ = {
			isa = PBXGroup;
			children = (
				4A66E8B325ACFDA4004972FF /* AppDelegate.swift */,
				4A66E8B525ACFDA5004972FF /* ContentView.swift */,
				4A4B691425AEF7EE00123F05 /* Model.swift */,
				4A6B2C9E25B1AB66002086A2 /* Sounds */,
				4A66E8C725AD06B4004972FF /* Models */,
				4A66E8B925ACFDA8004972FF /* Assets.xcassets */,
				4A66E8BE25ACFDA8004972FF /* Info.plist */,
				4A66E8BB25ACFDA8004972FF /* Preview Content */,
			);
			path = speakAR;
			sourceTree = "<group>";
		};
		4A66E8BB25ACFDA8004972FF /* Preview Content */ = {
			isa = PBXGroup;
			children = (
				4A66E8BC25ACFDA8004972FF /* Preview Assets.xcassets */,
			);
			path = "Preview Content";
			sourceTree = "<group>";
		};
		4A66E8C725AD06B4004972FF /* Models */ = {
			isa = PBXGroup;
			children = (
				40E2590425B26A710071C326 /* Apple.usdc */,
			);
			path = Models;
			sourceTree = "<group>";
		};
		4A6B2C9E25B1AB66002086A2 /* Sounds */ = {
			isa = PBXGroup;
			children = (
				40A411DA25B25CFA00203F04 /* Blue Wednesday - Sayonara.mp3 */,
			);
			path = Sounds;
			sourceTree = "<group>";
		};
/* End PBXGroup section */

/* Begin PBXNativeTarget section */
		4A66E8AF25ACFDA4004972FF /* SpeakAR */ = {
			isa = PBXNativeTarget;
			buildConfigurationList = 4A66E8C125ACFDA8004972FF /* Build configuration list for PBXNativeTarget "SpeakAR" */;
			buildPhases = (
				4A66E8AC25ACFDA4004972FF /* Sources */,
				4A66E8AD25ACFDA4004972FF /* Frameworks */,
				4A66E8AE25ACFDA4004972FF /* Resources */,
			);
			buildRules = (
			);
			dependencies = (
			);
			name = SpeakAR;
			packageProductDependencies = (
				4A4B691825AEFEF500123F05 /* FocusEntity */,
			);
			productName = "Spatial Speaker";
			productReference = 4A66E8B025ACFDA4004972FF /* SpeakAR.app */;
			productType = "com.apple.product-type.application";
		};
/* End PBXNativeTarget section */

/* Begin PBXProject section */
		4A66E8A825ACFDA4004972FF /* Project object */ = {
			isa = PBXProject;
			attributes = {
				LastSwiftUpdateCheck = 1230;
				LastUpgradeCheck = 1230;
				TargetAttributes = {
					4A66E8AF25ACFDA4004972FF = {
						CreatedOnToolsVersion = 12.3;
					};
				};
			};
			buildConfigurationList = 4A66E8AB25ACFDA4004972FF /* Build configuration list for PBXProject "speakAR" */;
			compatibilityVersion = "Xcode 9.3";
			developmentRegion = en;
			hasScannedForEncodings = 0;
			knownRegions = (
				en,
				Base,
			);
			mainGroup = 4A66E8A725ACFDA4004972FF;
			packageReferences = (
				4A4B691725AEFEF500123F05 /* XCRemoteSwiftPackageReference "FocusEntity" */,
			);
			productRefGroup = 4A66E8B125ACFDA4004972FF /* Products */;
			projectDirPath = "";
			projectRoot = "";
			targets = (
				4A66E8AF25ACFDA4004972FF /* SpeakAR */,
			);
		};
/* End PBXProject section */

/* Begin PBXResourcesBuildPhase section */
		4A66E8AE25ACFDA4004972FF /* Resources */ = {
			isa = PBXResourcesBuildPhase;
			buildActionMask = 2147483647;
			files = (
				40E2590B25B26B8E0071C326 /* Apple.usdc in Resources */,
				40E2590925B26B890071C326 /* Blue Wednesday - Sayonara.mp3 in Resources */,
				4A66E8BD25ACFDA8004972FF /* Preview Assets.xcassets in Resources */,
				4A66E8BA25ACFDA8004972FF /* Assets.xcassets in Resources */,
			);
			runOnlyForDeploymentPostprocessing = 0;
		};
/* End PBXResourcesBuildPhase section */

/* Begin PBXSourcesBuildPhase section */
		4A66E8AC25ACFDA4004972FF /* Sources */ = {
			isa = PBXSourcesBuildPhase;
			buildActionMask = 2147483647;
			files = (
				4A4B691525AEF7EE00123F05 /* Model.swift in Sources */,
				4A66E8B625ACFDA5004972FF /* ContentView.swift in Sources */,
				4A66E8B425ACFDA4004972FF /* AppDelegate.swift in Sources */,
			);
			runOnlyForDeploymentPostprocessing = 0;
		};
/* End PBXSourcesBuildPhase section */

/* Begin XCBuildConfiguration section */
		4A66E8BF25ACFDA8004972FF /* Debug */ = {
			isa = XCBuildConfiguration;
			buildSettings = {
				ALWAYS_SEARCH_USER_PATHS = NO;
				CLANG_ANALYZER_NONNULL = YES;
				CLANG_ANALYZER_NUMBER_OBJECT_CONVERSION = YES_AGGRESSIVE;
				CLANG_CXX_LANGUAGE_STANDARD = "gnu++14";
				CLANG_CXX_LIBRARY = "libc++";
				CLANG_ENABLE_MODULES = YES;
				CLANG_ENABLE_OBJC_ARC = YES;
				CLANG_ENABLE_OBJC_WEAK = YES;
				CLANG_WARN_BLOCK_CAPTURE_AUTORELEASING = YES;
				CLANG_WARN_BOOL_CONVERSION = YES;
				CLANG_WARN_COMMA = YES;
				CLANG_WARN_CONSTANT_CONVERSION = YES;
				CLANG_WARN_DEPRECATED_OBJC_IMPLEMENTATIONS = YES;
				CLANG_WARN_DIRECT_OBJC_ISA_USAGE = YES_ERROR;
				CLANG_WARN_DOCUMENTATION_COMMENTS = YES;
				CLANG_WARN_EMPTY_BODY = YES;
				CLANG_WARN_ENUM_CONVERSION = YES;
				CLANG_WARN_INFINITE_RECURSION = YES;
				CLANG_WARN_INT_CONVERSION = YES;
				CLANG_WARN_NON_LITERAL_NULL_CONVERSION = YES;
				CLANG_WARN_OBJC_IMPLICIT_RETAIN_SELF = YES;
				CLANG_WARN_OBJC_LITERAL_CONVERSION = YES;
				CLANG_WARN_OBJC_ROOT_CLASS = YES_ERROR;
				CLANG_WARN_QUOTED_INCLUDE_IN_FRAMEWORK_HEADER = YES;
				CLANG_WARN_RANGE_LOOP_ANALYSIS = YES;
				CLANG_WARN_STRICT_PROTOTYPES = YES;
				CLANG_WARN_SUSPICIOUS_MOVE = YES;
				CLANG_WARN_UNGUARDED_AVAILABILITY = YES_AGGRESSIVE;
				CLANG_WARN_UNREACHABLE_CODE = YES;
				CLANG_WARN__DUPLICATE_METHOD_MATCH = YES;
				COPY_PHASE_STRIP = NO;
				DEBUG_INFORMATION_FORMAT = dwarf;
				ENABLE_STRICT_OBJC_MSGSEND = YES;
				ENABLE_TESTABILITY = YES;
				GCC_C_LANGUAGE_STANDARD = gnu11;
				GCC_DYNAMIC_NO_PIC = NO;
				GCC_NO_COMMON_BLOCKS = YES;
				GCC_OPTIMIZATION_LEVEL = 0;
				GCC_PREPROCESSOR_DEFINITIONS = (
					"DEBUG=1",
					"$(inherited)",
				);
				GCC_WARN_64_TO_32_BIT_CONVERSION = YES;
				GCC_WARN_ABOUT_RETURN_TYPE = YES_ERROR;
				GCC_WARN_UNDECLARED_SELECTOR = YES;
				GCC_WARN_UNINITIALIZED_AUTOS = YES_AGGRESSIVE;
				GCC_WARN_UNUSED_FUNCTION = YES;
				GCC_WARN_UNUSED_VARIABLE = YES;
				IPHONEOS_DEPLOYMENT_TARGET = 14.3;
				MTL_ENABLE_DEBUG_INFO = INCLUDE_SOURCE;
				MTL_FAST_MATH = YES;
				ONLY_ACTIVE_ARCH = YES;
				SDKROOT = iphoneos;
				SWIFT_ACTIVE_COMPILATION_CONDITIONS = DEBUG;
				SWIFT_OPTIMIZATION_LEVEL = "-Onone";
			};
			name = Debug;
		};
		4A66E8C025ACFDA8004972FF /* Release */ = {
			isa = XCBuildConfiguration;
			buildSettings = {
				ALWAYS_SEARCH_USER_PATHS = NO;
				CLANG_ANALYZER_NONNULL = YES;
				CLANG_ANALYZER_NUMBER_OBJECT_CONVERSION = YES_AGGRESSIVE;
				CLANG_CXX_LANGUAGE_STANDARD = "gnu++14";
				CLANG_CXX_LIBRARY = "libc++";
				CLANG_ENABLE_MODULES = YES;
				CLANG_ENABLE_OBJC_ARC = YES;
				CLANG_ENABLE_OBJC_WEAK = YES;
				CLANG_WARN_BLOCK_CAPTURE_AUTORELEASING = YES;
				CLANG_WARN_BOOL_CONVERSION = YES;
				CLANG_WARN_COMMA = YES;
				CLANG_WARN_CONSTANT_CONVERSION = YES;
				CLANG_WARN_DEPRECATED_OBJC_IMPLEMENTATIONS = YES;
				CLANG_WARN_DIRECT_OBJC_ISA_USAGE = YES_ERROR;
				CLANG_WARN_DOCUMENTATION_COMMENTS = YES;
				CLANG_WARN_EMPTY_BODY = YES;
				CLANG_WARN_ENUM_CONVERSION = YES;
				CLANG_WARN_INFINITE_RECURSION = YES;
				CLANG_WARN_INT_CONVERSION = YES;
				CLANG_WARN_NON_LITERAL_NULL_CONVERSION = YES;
				CLANG_WARN_OBJC_IMPLICIT_RETAIN_SELF = YES;
				CLANG_WARN_OBJC_LITERAL_CONVERSION = YES;
				CLANG_WARN_OBJC_ROOT_CLASS = YES_ERROR;
				CLANG_WARN_QUOTED_INCLUDE_IN_FRAMEWORK_HEADER = YES;
				CLANG_WARN_RANGE_LOOP_ANALYSIS = YES;
				CLANG_WARN_STRICT_PROTOTYPES = YES;
				CLANG_WARN_SUSPICIOUS_MOVE = YES;
				CLANG_WARN_UNGUARDED_AVAILABILITY = YES_AGGRESSIVE;
				CLANG_WARN_UNREACHABLE_CODE = YES;
				CLANG_WARN__DUPLICATE_METHOD_MATCH = YES;
				COPY_PHASE_STRIP = NO;
				DEBUG_INFORMATION_FORMAT = "dwarf-with-dsym";
				ENABLE_NS_ASSERTIONS = NO;
				ENABLE_STRICT_OBJC_MSGSEND = YES;
				GCC_C_LANGUAGE_STANDARD = gnu11;
				GCC_NO_COMMON_BLOCKS = YES;
				GCC_WARN_64_TO_32_BIT_CONVERSION = YES;
				GCC_WARN_ABOUT_RETURN_TYPE = YES_ERROR;
				GCC_WARN_UNDECLARED_SELECTOR = YES;
				GCC_WARN_UNINITIALIZED_AUTOS = YES_AGGRESSIVE;
				GCC_WARN_UNUSED_FUNCTION = YES;
				GCC_WARN_UNUSED_VARIABLE = YES;
				IPHONEOS_DEPLOYMENT_TARGET = 14.3;
				MTL_ENABLE_DEBUG_INFO = NO;
				MTL_FAST_MATH = YES;
				SDKROOT = iphoneos;
				SWIFT_COMPILATION_MODE = wholemodule;
				SWIFT_OPTIMIZATION_LEVEL = "-O";
				VALIDATE_PRODUCT = YES;
			};
			name = Release;
		};
		4A66E8C225ACFDA8004972FF /* Debug */ = {
			isa = XCBuildConfiguration;
			buildSettings = {
				ASSETCATALOG_COMPILER_APPICON_NAME = AppIcon;
				ASSETCATALOG_COMPILER_GLOBAL_ACCENT_COLOR_NAME = AccentColor;
				CODE_SIGN_STYLE = Automatic;
				DEVELOPMENT_ASSET_PATHS = "\"speakAR/Preview Content\"";
				DEVELOPMENT_TEAM = Z27TRPT2NF;
				ENABLE_PREVIEWS = YES;
				INFOPLIST_FILE = speakAR/Info.plist;
				LD_RUNPATH_SEARCH_PATHS = (
					"$(inherited)",
					"@executable_path/Frameworks",
				);
				PRODUCT_BUNDLE_IDENTIFIER = "Bread-and-Dann.speakAR";
				PRODUCT_NAME = "$(TARGET_NAME)";
				SWIFT_VERSION = 5.0;
				TARGETED_DEVICE_FAMILY = "1,2";
			};
			name = Debug;
		};
		4A66E8C325ACFDA8004972FF /* Release */ = {
			isa = XCBuildConfiguration;
			buildSettings = {
				ASSETCATALOG_COMPILER_APPICON_NAME = AppIcon;
				ASSETCATALOG_COMPILER_GLOBAL_ACCENT_COLOR_NAME = AccentColor;
				CODE_SIGN_STYLE = Automatic;
				DEVELOPMENT_ASSET_PATHS = "\"speakAR/Preview Content\"";
				DEVELOPMENT_TEAM = Z27TRPT2NF;
				ENABLE_PREVIEWS = YES;
				INFOPLIST_FILE = speakAR/Info.plist;
				LD_RUNPATH_SEARCH_PATHS = (
					"$(inherited)",
					"@executable_path/Frameworks",
				);
				PRODUCT_BUNDLE_IDENTIFIER = "Bread-and-Dann.speakAR";
				PRODUCT_NAME = "$(TARGET_NAME)";
				SWIFT_VERSION = 5.0;
				TARGETED_DEVICE_FAMILY = "1,2";
			};
			name = Release;
		};
/* End XCBuildConfiguration section */

/* Begin XCConfigurationList section */
		4A66E8AB25ACFDA4004972FF /* Build configuration list for PBXProject "speakAR" */ = {
			isa = XCConfigurationList;
			buildConfigurations = (
				4A66E8BF25ACFDA8004972FF /* Debug */,
				4A66E8C025ACFDA8004972FF /* Release */,
			);
			defaultConfigurationIsVisible = 0;
			defaultConfigurationName = Release;
		};
		4A66E8C125ACFDA8004972FF /* Build configuration list for PBXNativeTarget "SpeakAR" */ = {
			isa = XCConfigurationList;
			buildConfigurations = (
				4A66E8C225ACFDA8004972FF /* Debug */,
				4A66E8C325ACFDA8004972FF /* Release */,
			);
			defaultConfigurationIsVisible = 0;
			defaultConfigurationName = Release;
		};
/* End XCConfigurationList section */

/* Begin XCRemoteSwiftPackageReference section */
		4A4B691725AEFEF500123F05 /* XCRemoteSwiftPackageReference "FocusEntity" */ = {
			isa = XCRemoteSwiftPackageReference;
			repositoryURL = "https://github.com/maxxfrazer/FocusEntity";
			requirement = {
				kind = upToNextMajorVersion;
				minimumVersion = 2.1.0;
			};
		};
/* End XCRemoteSwiftPackageReference section */

/* Begin XCSwiftPackageProductDependency section */
		4A4B691825AEFEF500123F05 /* FocusEntity */ = {
			isa = XCSwiftPackageProductDependency;
			package = 4A4B691725AEFEF500123F05 /* XCRemoteSwiftPackageReference "FocusEntity" */;
			productName = FocusEntity;
		};
/* End XCSwiftPackageProductDependency section */
	};
	rootObject = 4A66E8A825ACFDA4004972FF /* Project object */;
}
