// !$*UTF8*$!
{
	archiveVersion = 1;
	classes = {
	};
	objectVersion = 50;
	objects = {

/* Begin PBXBuildFile section */
		4080D9CB25B9EDB400E7E780 /* SongInit.swift in Sources */ = {isa = PBXBuildFile; fileRef = 4080D9CA25B9EDB400E7E780 /* SongInit.swift */; };
		4080D9DE25BA60E900E7E780 /* SongLoader.swift in Sources */ = {isa = PBXBuildFile; fileRef = 4080D9DD25BA60E900E7E780 /* SongLoader.swift */; };
		40AA309F25B56543006BD006 /* Song.swift in Sources */ = {isa = PBXBuildFile; fileRef = 40AA309D25B56543006BD006 /* Song.swift */; };
		40AA30CF25B5FC6C006BD006 /* Kupla - Friendly Creatures.mp3 in Resources */ = {isa = PBXBuildFile; fileRef = 40AA30C325B5FC6C006BD006 /* Kupla - Friendly Creatures.mp3 */; };
		40AA30D325B5FC6C006BD006 /* IHF - Evolve.mp3 in Resources */ = {isa = PBXBuildFile; fileRef = 40AA30C725B5FC6C006BD006 /* IHF - Evolve.mp3 */; };
		40AA30D425B5FC6C006BD006 /* Giselle - Silk (Favored Nations Remix).mp3 in Resources */ = {isa = PBXBuildFile; fileRef = 40AA30C825B5FC6C006BD006 /* Giselle - Silk (Favored Nations Remix).mp3 */; };
		40AA30D525B5FC6C006BD006 /* Uppermost - Beautiful Light.mp3 in Resources */ = {isa = PBXBuildFile; fileRef = 40AA30C925B5FC6C006BD006 /* Uppermost - Beautiful Light.mp3 */; };
		40AA30D725B5FC6C006BD006 /* LatelyLui - Amsterdam.mp3 in Resources */ = {isa = PBXBuildFile; fileRef = 40AA30CB25B5FC6C006BD006 /* LatelyLui - Amsterdam.mp3 */; };
		40E2212E25BB2D9E007857CF /* Songlist.swift in Sources */ = {isa = PBXBuildFile; fileRef = 40E2212D25BB2D9E007857CF /* Songlist.swift */; };
		40E2215725BB809D007857CF /* Toby Tranter - High Noon.mp3 in Resources */ = {isa = PBXBuildFile; fileRef = 40E2215025BB809D007857CF /* Toby Tranter - High Noon.mp3 */; };
		40E2215825BB809D007857CF /* SF & KMcE - Sunrise On Southey Street.mp3 in Resources */ = {isa = PBXBuildFile; fileRef = 40E2215125BB809D007857CF /* SF & KMcE - Sunrise On Southey Street.mp3 */; };
		40E2215925BB809D007857CF /* sagun - rains.mp3 in Resources */ = {isa = PBXBuildFile; fileRef = 40E2215225BB809D007857CF /* sagun - rains.mp3 */; };
		40E2215A25BB809D007857CF /* Rayons - From Paradise Past.mp3 in Resources */ = {isa = PBXBuildFile; fileRef = 40E2215325BB809D007857CF /* Rayons - From Paradise Past.mp3 */; };
		40E2215B25BB809D007857CF /* RŮDE - 22 Samurai.mp3 in Resources */ = {isa = PBXBuildFile; fileRef = 40E2215425BB809D007857CF /* RŮDE - 22 Samurai.mp3 */; };
		40E2215C25BB809D007857CF /* Hisaishi - Howl's Moving Castle.mp3 in Resources */ = {isa = PBXBuildFile; fileRef = 40E2215525BB809D007857CF /* Hisaishi - Howl's Moving Castle.mp3 */; };
		40E2215D25BB809D007857CF /* Post Malone - Circles (Instrumental).mp3 in Resources */ = {isa = PBXBuildFile; fileRef = 40E2215625BB809D007857CF /* Post Malone - Circles (Instrumental).mp3 */; };
		4A0B848925B432AC00B81587 /* MusicControlsView.swift in Sources */ = {isa = PBXBuildFile; fileRef = 4A0B848825B432AC00B81587 /* MusicControlsView.swift */; };
		4A0B848C25B432D100B81587 /* MusicControlsButton.swift in Sources */ = {isa = PBXBuildFile; fileRef = 4A0B848B25B432D100B81587 /* MusicControlsButton.swift */; };
		4A48B1C325B67E970044AFB0 /* SongTitle.swift in Sources */ = {isa = PBXBuildFile; fileRef = 4A48B1C225B67E970044AFB0 /* SongTitle.swift */; };
		4A48B1C625B67EBA0044AFB0 /* ProgressBar.swift in Sources */ = {isa = PBXBuildFile; fileRef = 4A48B1C525B67EBA0044AFB0 /* ProgressBar.swift */; };
		4A48B1C925B67F230044AFB0 /* SongControls.swift in Sources */ = {isa = PBXBuildFile; fileRef = 4A48B1C825B67F230044AFB0 /* SongControls.swift */; };
		4A48B1CC25B680940044AFB0 /* Lyrics.swift in Sources */ = {isa = PBXBuildFile; fileRef = 4A48B1CB25B680940044AFB0 /* Lyrics.swift */; };
		4A48B1CF25B680C50044AFB0 /* ExpandLyrics.swift in Sources */ = {isa = PBXBuildFile; fileRef = 4A48B1CE25B680C50044AFB0 /* ExpandLyrics.swift */; };
		4A51265625B2B5D00047B67D /* AppDelegate.swift in Sources */ = {isa = PBXBuildFile; fileRef = 4A51265525B2B5D00047B67D /* AppDelegate.swift */; };
		4A51265825B2B5D00047B67D /* ContentView.swift in Sources */ = {isa = PBXBuildFile; fileRef = 4A51265725B2B5D00047B67D /* ContentView.swift */; };
		4A51265C25B2B5D20047B67D /* Assets.xcassets in Resources */ = {isa = PBXBuildFile; fileRef = 4A51265B25B2B5D20047B67D /* Assets.xcassets */; };
		4A51265F25B2B5D20047B67D /* Preview Assets.xcassets in Resources */ = {isa = PBXBuildFile; fileRef = 4A51265E25B2B5D20047B67D /* Preview Assets.xcassets */; };
		4A58B19625B692AF00202468 /* Model.swift in Sources */ = {isa = PBXBuildFile; fileRef = 4A58B19525B692AF00202468 /* Model.swift */; };
		4A5FA59925B68E7600041B22 /* CurrentSongThumbnail.swift in Sources */ = {isa = PBXBuildFile; fileRef = 4A5FA59825B68E7600041B22 /* CurrentSongThumbnail.swift */; };
		4A6994A425B67BDE00F5F32D /* SongSearchBar.swift in Sources */ = {isa = PBXBuildFile; fileRef = 4A6994A325B67BDE00F5F32D /* SongSearchBar.swift */; };
		4A6D700125B2BA36000EA2FC /* Apple Homepod.usd in Resources */ = {isa = PBXBuildFile; fileRef = 4A6D700025B2BA36000EA2FC /* Apple Homepod.usd */; };
		4A6D700425B2F14B000EA2FC /* SpeakerButton.swift in Sources */ = {isa = PBXBuildFile; fileRef = 4A6D700325B2F14B000EA2FC /* SpeakerButton.swift */; };
		4A6D700825B302AD000EA2FC /* PlacementButton.swift in Sources */ = {isa = PBXBuildFile; fileRef = 4A6D700725B302AD000EA2FC /* PlacementButton.swift */; };
		4A6D700E25B30F9A000EA2FC /* Apple.usdc in Resources */ = {isa = PBXBuildFile; fileRef = 4A6D700D25B30F99000EA2FC /* Apple.usdc */; };
		4ABF11CF25B66AB100550AE9 /* Speaker.usdz in Resources */ = {isa = PBXBuildFile; fileRef = 4ABF11CE25B66AB100550AE9 /* Speaker.usdz */; };
/* End PBXBuildFile section */

/* Begin PBXFileReference section */
		4080D9CA25B9EDB400E7E780 /* SongInit.swift */ = {isa = PBXFileReference; lastKnownFileType = sourcecode.swift; path = SongInit.swift; sourceTree = "<group>"; };
		4080D9DD25BA60E900E7E780 /* SongLoader.swift */ = {isa = PBXFileReference; lastKnownFileType = sourcecode.swift; path = SongLoader.swift; sourceTree = "<group>"; };
		40AA309D25B56543006BD006 /* Song.swift */ = {isa = PBXFileReference; fileEncoding = 4; lastKnownFileType = sourcecode.swift; path = Song.swift; sourceTree = "<group>"; };
		40AA30C325B5FC6C006BD006 /* Kupla - Friendly Creatures.mp3 */ = {isa = PBXFileReference; lastKnownFileType = audio.mp3; path = "Kupla - Friendly Creatures.mp3"; sourceTree = "<group>"; };
		40AA30C725B5FC6C006BD006 /* IHF - Evolve.mp3 */ = {isa = PBXFileReference; lastKnownFileType = audio.mp3; path = "IHF - Evolve.mp3"; sourceTree = "<group>"; };
		40AA30C825B5FC6C006BD006 /* Giselle - Silk (Favored Nations Remix).mp3 */ = {isa = PBXFileReference; lastKnownFileType = audio.mp3; path = "Giselle - Silk (Favored Nations Remix).mp3"; sourceTree = "<group>"; };
		40AA30C925B5FC6C006BD006 /* Uppermost - Beautiful Light.mp3 */ = {isa = PBXFileReference; lastKnownFileType = audio.mp3; path = "Uppermost - Beautiful Light.mp3"; sourceTree = "<group>"; };
		40AA30CB25B5FC6C006BD006 /* LatelyLui - Amsterdam.mp3 */ = {isa = PBXFileReference; lastKnownFileType = audio.mp3; path = "LatelyLui - Amsterdam.mp3"; sourceTree = "<group>"; };
		40E2212D25BB2D9E007857CF /* Songlist.swift */ = {isa = PBXFileReference; fileEncoding = 4; lastKnownFileType = sourcecode.swift; path = Songlist.swift; sourceTree = "<group>"; };
		40E2215025BB809D007857CF /* Toby Tranter - High Noon.mp3 */ = {isa = PBXFileReference; lastKnownFileType = audio.mp3; path = "Toby Tranter - High Noon.mp3"; sourceTree = "<group>"; };
		40E2215125BB809D007857CF /* SF & KMcE - Sunrise On Southey Street.mp3 */ = {isa = PBXFileReference; lastKnownFileType = audio.mp3; path = "SF & KMcE - Sunrise On Southey Street.mp3"; sourceTree = "<group>"; };
		40E2215225BB809D007857CF /* sagun - rains.mp3 */ = {isa = PBXFileReference; lastKnownFileType = audio.mp3; path = "sagun - rains.mp3"; sourceTree = "<group>"; };
		40E2215325BB809D007857CF /* Rayons - From Paradise Past.mp3 */ = {isa = PBXFileReference; lastKnownFileType = audio.mp3; path = "Rayons - From Paradise Past.mp3"; sourceTree = "<group>"; };
		40E2215425BB809D007857CF /* RŮDE - 22 Samurai.mp3 */ = {isa = PBXFileReference; lastKnownFileType = audio.mp3; path = "RŮDE - 22 Samurai.mp3"; sourceTree = "<group>"; };
		40E2215525BB809D007857CF /* Hisaishi - Howl's Moving Castle.mp3 */ = {isa = PBXFileReference; lastKnownFileType = audio.mp3; path = "Hisaishi - Howl's Moving Castle.mp3"; sourceTree = "<group>"; };
		40E2215625BB809D007857CF /* Post Malone - Circles (Instrumental).mp3 */ = {isa = PBXFileReference; lastKnownFileType = audio.mp3; path = "Post Malone - Circles (Instrumental).mp3"; sourceTree = "<group>"; };
		4A0B848825B432AC00B81587 /* MusicControlsView.swift */ = {isa = PBXFileReference; lastKnownFileType = sourcecode.swift; path = MusicControlsView.swift; sourceTree = "<group>"; };
		4A0B848B25B432D100B81587 /* MusicControlsButton.swift */ = {isa = PBXFileReference; lastKnownFileType = sourcecode.swift; path = MusicControlsButton.swift; sourceTree = "<group>"; };
		4A48B1C225B67E970044AFB0 /* SongTitle.swift */ = {isa = PBXFileReference; lastKnownFileType = sourcecode.swift; path = SongTitle.swift; sourceTree = "<group>"; };
		4A48B1C525B67EBA0044AFB0 /* ProgressBar.swift */ = {isa = PBXFileReference; lastKnownFileType = sourcecode.swift; path = ProgressBar.swift; sourceTree = "<group>"; };
		4A48B1C825B67F230044AFB0 /* SongControls.swift */ = {isa = PBXFileReference; lastKnownFileType = sourcecode.swift; path = SongControls.swift; sourceTree = "<group>"; };
		4A48B1CB25B680940044AFB0 /* Lyrics.swift */ = {isa = PBXFileReference; lastKnownFileType = sourcecode.swift; path = Lyrics.swift; sourceTree = "<group>"; };
		4A48B1CE25B680C50044AFB0 /* ExpandLyrics.swift */ = {isa = PBXFileReference; lastKnownFileType = sourcecode.swift; path = ExpandLyrics.swift; sourceTree = "<group>"; };
		4A51265225B2B5D00047B67D /* Clean SpeakAR Code.app */ = {isa = PBXFileReference; explicitFileType = wrapper.application; includeInIndex = 0; path = "Clean SpeakAR Code.app"; sourceTree = BUILT_PRODUCTS_DIR; };
		4A51265525B2B5D00047B67D /* AppDelegate.swift */ = {isa = PBXFileReference; lastKnownFileType = sourcecode.swift; path = AppDelegate.swift; sourceTree = "<group>"; };
		4A51265725B2B5D00047B67D /* ContentView.swift */ = {isa = PBXFileReference; lastKnownFileType = sourcecode.swift; path = ContentView.swift; sourceTree = "<group>"; };
		4A51265B25B2B5D20047B67D /* Assets.xcassets */ = {isa = PBXFileReference; lastKnownFileType = folder.assetcatalog; path = Assets.xcassets; sourceTree = "<group>"; };
		4A51265E25B2B5D20047B67D /* Preview Assets.xcassets */ = {isa = PBXFileReference; lastKnownFileType = folder.assetcatalog; path = "Preview Assets.xcassets"; sourceTree = "<group>"; };
		4A51266025B2B5D30047B67D /* Info.plist */ = {isa = PBXFileReference; lastKnownFileType = text.plist.xml; path = Info.plist; sourceTree = "<group>"; };
		4A58B19525B692AF00202468 /* Model.swift */ = {isa = PBXFileReference; fileEncoding = 4; lastKnownFileType = sourcecode.swift; path = Model.swift; sourceTree = "<group>"; };
		4A5FA59825B68E7600041B22 /* CurrentSongThumbnail.swift */ = {isa = PBXFileReference; fileEncoding = 4; lastKnownFileType = sourcecode.swift; path = CurrentSongThumbnail.swift; sourceTree = "<group>"; };
		4A6994A325B67BDE00F5F32D /* SongSearchBar.swift */ = {isa = PBXFileReference; lastKnownFileType = sourcecode.swift; path = SongSearchBar.swift; sourceTree = "<group>"; };
		4A6D700025B2BA36000EA2FC /* Apple Homepod.usd */ = {isa = PBXFileReference; lastKnownFileType = file; path = "Apple Homepod.usd"; sourceTree = "<group>"; };
		4A6D700325B2F14B000EA2FC /* SpeakerButton.swift */ = {isa = PBXFileReference; lastKnownFileType = sourcecode.swift; path = SpeakerButton.swift; sourceTree = "<group>"; };
		4A6D700725B302AD000EA2FC /* PlacementButton.swift */ = {isa = PBXFileReference; lastKnownFileType = sourcecode.swift; path = PlacementButton.swift; sourceTree = "<group>"; };
		4A6D700D25B30F99000EA2FC /* Apple.usdc */ = {isa = PBXFileReference; lastKnownFileType = file; path = Apple.usdc; sourceTree = "<group>"; };
		4ABF11CE25B66AB100550AE9 /* Speaker.usdz */ = {isa = PBXFileReference; lastKnownFileType = file.usdz; path = Speaker.usdz; sourceTree = "<group>"; };
/* End PBXFileReference section */

/* Begin PBXFrameworksBuildPhase section */
		4A51264F25B2B5D00047B67D /* Frameworks */ = {
			isa = PBXFrameworksBuildPhase;
			buildActionMask = 2147483647;
			files = (
			);
			runOnlyForDeploymentPostprocessing = 0;
		};
/* End PBXFrameworksBuildPhase section */

/* Begin PBXGroup section */
		4063284925B9EB25009310D2 /* Data */ = {
			isa = PBXGroup;
			children = (
				40AA309D25B56543006BD006 /* Song.swift */,
				4A58B19525B692AF00202468 /* Model.swift */,
			);
			path = Data;
			sourceTree = "<group>";
		};
		4080D9D425BA4A5F00E7E780 /* Top_Views */ = {
			isa = PBXGroup;
			children = (
				4A0B848B25B432D100B81587 /* MusicControlsButton.swift */,
				4A6994A325B67BDE00F5F32D /* SongSearchBar.swift */,
			);
			path = Top_Views;
			sourceTree = "<group>";
		};
		4080D9D525BA4A7900E7E780 /* Mid_Views */ = {
			isa = PBXGroup;
			children = (
				4A5FA59825B68E7600041B22 /* CurrentSongThumbnail.swift */,
				4A48B1C225B67E970044AFB0 /* SongTitle.swift */,
				4A48B1C525B67EBA0044AFB0 /* ProgressBar.swift */,
				4A48B1C825B67F230044AFB0 /* SongControls.swift */,
			);
			path = Mid_Views;
			sourceTree = "<group>";
		};
		4080D9D825BA4AB300E7E780 /* Bot_Views */ = {
			isa = PBXGroup;
			children = (
				40E2212D25BB2D9E007857CF /* Songlist.swift */,
				4080D9DD25BA60E900E7E780 /* SongLoader.swift */,
				4A48B1CB25B680940044AFB0 /* Lyrics.swift */,
				4A48B1CE25B680C50044AFB0 /* ExpandLyrics.swift */,
			);
			path = Bot_Views;
			sourceTree = "<group>";
		};
		4080D9D925BA4E7500E7E780 /* Mid_Models */ = {
			isa = PBXGroup;
			children = (
			);
			path = Mid_Models;
			sourceTree = "<group>";
		};
		40AA30A225B5654F006BD006 /* Songs */ = {
			isa = PBXGroup;
			children = (
				40E2215525BB809D007857CF /* Hisaishi - Howl's Moving Castle.mp3 */,
				40E2215625BB809D007857CF /* Post Malone - Circles (Instrumental).mp3 */,
				40E2215325BB809D007857CF /* Rayons - From Paradise Past.mp3 */,
				40E2215425BB809D007857CF /* RŮDE - 22 Samurai.mp3 */,
				40E2215225BB809D007857CF /* sagun - rains.mp3 */,
				40E2215125BB809D007857CF /* SF & KMcE - Sunrise On Southey Street.mp3 */,
				40E2215025BB809D007857CF /* Toby Tranter - High Noon.mp3 */,
				40AA30CB25B5FC6C006BD006 /* LatelyLui - Amsterdam.mp3 */,
				40AA30C725B5FC6C006BD006 /* IHF - Evolve.mp3 */,
				40AA30C325B5FC6C006BD006 /* Kupla - Friendly Creatures.mp3 */,
				40AA30C825B5FC6C006BD006 /* Giselle - Silk (Favored Nations Remix).mp3 */,
				40AA30C925B5FC6C006BD006 /* Uppermost - Beautiful Light.mp3 */,
			);
			path = Songs;
			sourceTree = "<group>";
		};
		4A51264925B2B5D00047B67D = {
			isa = PBXGroup;
			children = (
				4A51265425B2B5D00047B67D /* Clean SpeakAR Code */,
				4A51265325B2B5D00047B67D /* Products */,
			);
			sourceTree = "<group>";
		};
		4A51265325B2B5D00047B67D /* Products */ = {
			isa = PBXGroup;
			children = (
				4A51265225B2B5D00047B67D /* Clean SpeakAR Code.app */,
			);
			name = Products;
			sourceTree = "<group>";
		};
		4A51265425B2B5D00047B67D /* Clean SpeakAR Code */ = {
			isa = PBXGroup;
			children = (
				4A51265525B2B5D00047B67D /* AppDelegate.swift */,
				4A6994A025B67AEF00F5F32D /* Views */,
				4A69949E25B67AB900F5F32D /* Models */,
				4A51265B25B2B5D20047B67D /* Assets.xcassets */,
				4A51266025B2B5D30047B67D /* Info.plist */,
				4A6D6FFF25B2BA1B000EA2FC /* AR Objects */,
				40AA30A225B5654F006BD006 /* Songs */,
				4A51265D25B2B5D20047B67D /* Preview Content */,
			);
			path = "Clean SpeakAR Code";
			sourceTree = "<group>";
		};
		4A51265D25B2B5D20047B67D /* Preview Content */ = {
			isa = PBXGroup;
			children = (
				4A51265E25B2B5D20047B67D /* Preview Assets.xcassets */,
			);
			path = "Preview Content";
			sourceTree = "<group>";
		};
		4A69949E25B67AB900F5F32D /* Models */ = {
			isa = PBXGroup;
			children = (
				4080D9D925BA4E7500E7E780 /* Mid_Models */,
				4063284925B9EB25009310D2 /* Data */,
				4A69949F25B67AC500F5F32D /* Initializers */,
			);
			path = Models;
			sourceTree = "<group>";
		};
		4A69949F25B67AC500F5F32D /* Initializers */ = {
			isa = PBXGroup;
			children = (
				4080D9CA25B9EDB400E7E780 /* SongInit.swift */,
			);
			path = Initializers;
			sourceTree = "<group>";
		};
		4A6994A025B67AEF00F5F32D /* Views */ = {
			isa = PBXGroup;
			children = (
				4A51265725B2B5D00047B67D /* ContentView.swift */,
				4A6994A225B67B0A00F5F32D /* ModelControl */,
				4A6994A125B67AFC00F5F32D /* MusicControl */,
			);
			path = Views;
			sourceTree = "<group>";
		};
		4A6994A125B67AFC00F5F32D /* MusicControl */ = {
			isa = PBXGroup;
			children = (
				4A0B848825B432AC00B81587 /* MusicControlsView.swift */,
				4080D9D425BA4A5F00E7E780 /* Top_Views */,
				4080D9D525BA4A7900E7E780 /* Mid_Views */,
				4080D9D825BA4AB300E7E780 /* Bot_Views */,
			);
			path = MusicControl;
			sourceTree = "<group>";
		};
		4A6994A225B67B0A00F5F32D /* ModelControl */ = {
			isa = PBXGroup;
			children = (
				4A6D700725B302AD000EA2FC /* PlacementButton.swift */,
				4A6D700325B2F14B000EA2FC /* SpeakerButton.swift */,
			);
			path = ModelControl;
			sourceTree = "<group>";
		};
		4A6D6FFF25B2BA1B000EA2FC /* AR Objects */ = {
			isa = PBXGroup;
			children = (
				4ABF11CE25B66AB100550AE9 /* Speaker.usdz */,
				4A6D700D25B30F99000EA2FC /* Apple.usdc */,
				4A6D700025B2BA36000EA2FC /* Apple Homepod.usd */,
			);
			path = "AR Objects";
			sourceTree = "<group>";
		};
/* End PBXGroup section */

/* Begin PBXNativeTarget section */
		4A51265125B2B5D00047B67D /* Clean SpeakAR Code */ = {
			isa = PBXNativeTarget;
			buildConfigurationList = 4A51266325B2B5D30047B67D /* Build configuration list for PBXNativeTarget "Clean SpeakAR Code" */;
			buildPhases = (
				4A51264E25B2B5D00047B67D /* Sources */,
				4A51264F25B2B5D00047B67D /* Frameworks */,
				4A51265025B2B5D00047B67D /* Resources */,
			);
			buildRules = (
			);
			dependencies = (
			);
			name = "Clean SpeakAR Code";
			productName = "Clean SpeakAR Code";
			productReference = 4A51265225B2B5D00047B67D /* Clean SpeakAR Code.app */;
			productType = "com.apple.product-type.application";
		};
/* End PBXNativeTarget section */

/* Begin PBXProject section */
		4A51264A25B2B5D00047B67D /* Project object */ = {
			isa = PBXProject;
			attributes = {
				LastSwiftUpdateCheck = 1230;
				LastUpgradeCheck = 1230;
				TargetAttributes = {
					4A51265125B2B5D00047B67D = {
						CreatedOnToolsVersion = 12.3;
					};
				};
			};
			buildConfigurationList = 4A51264D25B2B5D00047B67D /* Build configuration list for PBXProject "Clean SpeakAR Code" */;
			compatibilityVersion = "Xcode 9.3";
			developmentRegion = en;
			hasScannedForEncodings = 0;
			knownRegions = (
				en,
				Base,
			);
			mainGroup = 4A51264925B2B5D00047B67D;
			productRefGroup = 4A51265325B2B5D00047B67D /* Products */;
			projectDirPath = "";
			projectRoot = "";
			targets = (
				4A51265125B2B5D00047B67D /* Clean SpeakAR Code */,
			);
		};
/* End PBXProject section */

/* Begin PBXResourcesBuildPhase section */
		4A51265025B2B5D00047B67D /* Resources */ = {
			isa = PBXResourcesBuildPhase;
			buildActionMask = 2147483647;
			files = (
				40E2215C25BB809D007857CF /* Hisaishi - Howl's Moving Castle.mp3 in Resources */,
				4A51265F25B2B5D20047B67D /* Preview Assets.xcassets in Resources */,
				40E2215A25BB809D007857CF /* Rayons - From Paradise Past.mp3 in Resources */,
				4ABF11CF25B66AB100550AE9 /* Speaker.usdz in Resources */,
				4A6D700E25B30F9A000EA2FC /* Apple.usdc in Resources */,
				40E2215725BB809D007857CF /* Toby Tranter - High Noon.mp3 in Resources */,
				40E2215B25BB809D007857CF /* RŮDE - 22 Samurai.mp3 in Resources */,
				4A6D700125B2BA36000EA2FC /* Apple Homepod.usd in Resources */,
				40AA30D325B5FC6C006BD006 /* IHF - Evolve.mp3 in Resources */,
				40AA30D525B5FC6C006BD006 /* Uppermost - Beautiful Light.mp3 in Resources */,
				4A51265C25B2B5D20047B67D /* Assets.xcassets in Resources */,
				40AA30D425B5FC6C006BD006 /* Giselle - Silk (Favored Nations Remix).mp3 in Resources */,
				40E2215925BB809D007857CF /* sagun - rains.mp3 in Resources */,
				40E2215825BB809D007857CF /* SF & KMcE - Sunrise On Southey Street.mp3 in Resources */,
				40AA30CF25B5FC6C006BD006 /* Kupla - Friendly Creatures.mp3 in Resources */,
				40AA30D725B5FC6C006BD006 /* LatelyLui - Amsterdam.mp3 in Resources */,
				40E2215D25BB809D007857CF /* Post Malone - Circles (Instrumental).mp3 in Resources */,
			);
			runOnlyForDeploymentPostprocessing = 0;
		};
/* End PBXResourcesBuildPhase section */

/* Begin PBXSourcesBuildPhase section */
		4A51264E25B2B5D00047B67D /* Sources */ = {
			isa = PBXSourcesBuildPhase;
			buildActionMask = 2147483647;
			files = (
				4A51265825B2B5D00047B67D /* ContentView.swift in Sources */,
				4A6994A425B67BDE00F5F32D /* SongSearchBar.swift in Sources */,
				4A6D700825B302AD000EA2FC /* PlacementButton.swift in Sources */,
				4080D9DE25BA60E900E7E780 /* SongLoader.swift in Sources */,
				4A5FA59925B68E7600041B22 /* CurrentSongThumbnail.swift in Sources */,
				4A48B1C325B67E970044AFB0 /* SongTitle.swift in Sources */,
				4A0B848925B432AC00B81587 /* MusicControlsView.swift in Sources */,
				4A48B1CF25B680C50044AFB0 /* ExpandLyrics.swift in Sources */,
				4A58B19625B692AF00202468 /* Model.swift in Sources */,
				40AA309F25B56543006BD006 /* Song.swift in Sources */,
				4A0B848C25B432D100B81587 /* MusicControlsButton.swift in Sources */,
				4A51265625B2B5D00047B67D /* AppDelegate.swift in Sources */,
				4A48B1CC25B680940044AFB0 /* Lyrics.swift in Sources */,
				4A6D700425B2F14B000EA2FC /* SpeakerButton.swift in Sources */,
				40E2212E25BB2D9E007857CF /* Songlist.swift in Sources */,
				4080D9CB25B9EDB400E7E780 /* SongInit.swift in Sources */,
				4A48B1C625B67EBA0044AFB0 /* ProgressBar.swift in Sources */,
				4A48B1C925B67F230044AFB0 /* SongControls.swift in Sources */,
			);
			runOnlyForDeploymentPostprocessing = 0;
		};
/* End PBXSourcesBuildPhase section */

/* Begin XCBuildConfiguration section */
		4A51266125B2B5D30047B67D /* Debug */ = {
			isa = XCBuildConfiguration;
			buildSettings = {
				ALWAYS_SEARCH_USER_PATHS = NO;
				CLANG_ANALYZER_NONNULL = YES;
				CLANG_ANALYZER_NUMBER_OBJECT_CONVERSION = YES_AGGRESSIVE;
				CLANG_CXX_LANGUAGE_STANDARD = "gnu++14";
				CLANG_CXX_LIBRARY = "libc++";
				CLANG_ENABLE_MODULES = YES;
				CLANG_ENABLE_OBJC_ARC = YES;
				CLANG_ENABLE_OBJC_WEAK = YES;
				CLANG_WARN_BLOCK_CAPTURE_AUTORELEASING = YES;
				CLANG_WARN_BOOL_CONVERSION = YES;
				CLANG_WARN_COMMA = YES;
				CLANG_WARN_CONSTANT_CONVERSION = YES;
				CLANG_WARN_DEPRECATED_OBJC_IMPLEMENTATIONS = YES;
				CLANG_WARN_DIRECT_OBJC_ISA_USAGE = YES_ERROR;
				CLANG_WARN_DOCUMENTATION_COMMENTS = YES;
				CLANG_WARN_EMPTY_BODY = YES;
				CLANG_WARN_ENUM_CONVERSION = YES;
				CLANG_WARN_INFINITE_RECURSION = YES;
				CLANG_WARN_INT_CONVERSION = YES;
				CLANG_WARN_NON_LITERAL_NULL_CONVERSION = YES;
				CLANG_WARN_OBJC_IMPLICIT_RETAIN_SELF = YES;
				CLANG_WARN_OBJC_LITERAL_CONVERSION = YES;
				CLANG_WARN_OBJC_ROOT_CLASS = YES_ERROR;
				CLANG_WARN_QUOTED_INCLUDE_IN_FRAMEWORK_HEADER = YES;
				CLANG_WARN_RANGE_LOOP_ANALYSIS = YES;
				CLANG_WARN_STRICT_PROTOTYPES = YES;
				CLANG_WARN_SUSPICIOUS_MOVE = YES;
				CLANG_WARN_UNGUARDED_AVAILABILITY = YES_AGGRESSIVE;
				CLANG_WARN_UNREACHABLE_CODE = YES;
				CLANG_WARN__DUPLICATE_METHOD_MATCH = YES;
				COPY_PHASE_STRIP = NO;
				DEBUG_INFORMATION_FORMAT = dwarf;
				ENABLE_STRICT_OBJC_MSGSEND = YES;
				ENABLE_TESTABILITY = YES;
				GCC_C_LANGUAGE_STANDARD = gnu11;
				GCC_DYNAMIC_NO_PIC = NO;
				GCC_NO_COMMON_BLOCKS = YES;
				GCC_OPTIMIZATION_LEVEL = 0;
				GCC_PREPROCESSOR_DEFINITIONS = (
					"DEBUG=1",
					"$(inherited)",
				);
				GCC_WARN_64_TO_32_BIT_CONVERSION = YES;
				GCC_WARN_ABOUT_RETURN_TYPE = YES_ERROR;
				GCC_WARN_UNDECLARED_SELECTOR = YES;
				GCC_WARN_UNINITIALIZED_AUTOS = YES_AGGRESSIVE;
				GCC_WARN_UNUSED_FUNCTION = YES;
				GCC_WARN_UNUSED_VARIABLE = YES;
				IPHONEOS_DEPLOYMENT_TARGET = 14.3;
				MTL_ENABLE_DEBUG_INFO = INCLUDE_SOURCE;
				MTL_FAST_MATH = YES;
				ONLY_ACTIVE_ARCH = YES;
				SDKROOT = iphoneos;
				SWIFT_ACTIVE_COMPILATION_CONDITIONS = DEBUG;
				SWIFT_OPTIMIZATION_LEVEL = "-Onone";
			};
			name = Debug;
		};
		4A51266225B2B5D30047B67D /* Release */ = {
			isa = XCBuildConfiguration;
			buildSettings = {
				ALWAYS_SEARCH_USER_PATHS = NO;
				CLANG_ANALYZER_NONNULL = YES;
				CLANG_ANALYZER_NUMBER_OBJECT_CONVERSION = YES_AGGRESSIVE;
				CLANG_CXX_LANGUAGE_STANDARD = "gnu++14";
				CLANG_CXX_LIBRARY = "libc++";
				CLANG_ENABLE_MODULES = YES;
				CLANG_ENABLE_OBJC_ARC = YES;
				CLANG_ENABLE_OBJC_WEAK = YES;
				CLANG_WARN_BLOCK_CAPTURE_AUTORELEASING = YES;
				CLANG_WARN_BOOL_CONVERSION = YES;
				CLANG_WARN_COMMA = YES;
				CLANG_WARN_CONSTANT_CONVERSION = YES;
				CLANG_WARN_DEPRECATED_OBJC_IMPLEMENTATIONS = YES;
				CLANG_WARN_DIRECT_OBJC_ISA_USAGE = YES_ERROR;
				CLANG_WARN_DOCUMENTATION_COMMENTS = YES;
				CLANG_WARN_EMPTY_BODY = YES;
				CLANG_WARN_ENUM_CONVERSION = YES;
				CLANG_WARN_INFINITE_RECURSION = YES;
				CLANG_WARN_INT_CONVERSION = YES;
				CLANG_WARN_NON_LITERAL_NULL_CONVERSION = YES;
				CLANG_WARN_OBJC_IMPLICIT_RETAIN_SELF = YES;
				CLANG_WARN_OBJC_LITERAL_CONVERSION = YES;
				CLANG_WARN_OBJC_ROOT_CLASS = YES_ERROR;
				CLANG_WARN_QUOTED_INCLUDE_IN_FRAMEWORK_HEADER = YES;
				CLANG_WARN_RANGE_LOOP_ANALYSIS = YES;
				CLANG_WARN_STRICT_PROTOTYPES = YES;
				CLANG_WARN_SUSPICIOUS_MOVE = YES;
				CLANG_WARN_UNGUARDED_AVAILABILITY = YES_AGGRESSIVE;
				CLANG_WARN_UNREACHABLE_CODE = YES;
				CLANG_WARN__DUPLICATE_METHOD_MATCH = YES;
				COPY_PHASE_STRIP = NO;
				DEBUG_INFORMATION_FORMAT = "dwarf-with-dsym";
				ENABLE_NS_ASSERTIONS = NO;
				ENABLE_STRICT_OBJC_MSGSEND = YES;
				GCC_C_LANGUAGE_STANDARD = gnu11;
				GCC_NO_COMMON_BLOCKS = YES;
				GCC_WARN_64_TO_32_BIT_CONVERSION = YES;
				GCC_WARN_ABOUT_RETURN_TYPE = YES_ERROR;
				GCC_WARN_UNDECLARED_SELECTOR = YES;
				GCC_WARN_UNINITIALIZED_AUTOS = YES_AGGRESSIVE;
				GCC_WARN_UNUSED_FUNCTION = YES;
				GCC_WARN_UNUSED_VARIABLE = YES;
				IPHONEOS_DEPLOYMENT_TARGET = 14.3;
				MTL_ENABLE_DEBUG_INFO = NO;
				MTL_FAST_MATH = YES;
				SDKROOT = iphoneos;
				SWIFT_COMPILATION_MODE = wholemodule;
				SWIFT_OPTIMIZATION_LEVEL = "-O";
				VALIDATE_PRODUCT = YES;
			};
			name = Release;
		};
		4A51266425B2B5D30047B67D /* Debug */ = {
			isa = XCBuildConfiguration;
			buildSettings = {
				ASSETCATALOG_COMPILER_APPICON_NAME = AppIcon;
				ASSETCATALOG_COMPILER_GLOBAL_ACCENT_COLOR_NAME = AccentColor;
				CODE_SIGN_STYLE = Automatic;
				DEVELOPMENT_ASSET_PATHS = "\"Clean SpeakAR Code/Preview Content\"";
				DEVELOPMENT_TEAM = Z27TRPT2NF;
				ENABLE_PREVIEWS = YES;
				INFOPLIST_FILE = "Clean SpeakAR Code/Info.plist";
				LD_RUNPATH_SEARCH_PATHS = (
					"$(inherited)",
					"@executable_path/Frameworks",
				);
				PRODUCT_BUNDLE_IDENTIFIER = "Bread-and-Dann.Clean-SpeakAR-Code";
				PRODUCT_NAME = "$(TARGET_NAME)";
				SWIFT_VERSION = 5.0;
				TARGETED_DEVICE_FAMILY = "1,2";
			};
			name = Debug;
		};
		4A51266525B2B5D30047B67D /* Release */ = {
			isa = XCBuildConfiguration;
			buildSettings = {
				ASSETCATALOG_COMPILER_APPICON_NAME = AppIcon;
				ASSETCATALOG_COMPILER_GLOBAL_ACCENT_COLOR_NAME = AccentColor;
				CODE_SIGN_STYLE = Automatic;
				DEVELOPMENT_ASSET_PATHS = "\"Clean SpeakAR Code/Preview Content\"";
				DEVELOPMENT_TEAM = Z27TRPT2NF;
				ENABLE_PREVIEWS = YES;
				INFOPLIST_FILE = "Clean SpeakAR Code/Info.plist";
				LD_RUNPATH_SEARCH_PATHS = (
					"$(inherited)",
					"@executable_path/Frameworks",
				);
				PRODUCT_BUNDLE_IDENTIFIER = "Bread-and-Dann.Clean-SpeakAR-Code";
				PRODUCT_NAME = "$(TARGET_NAME)";
				SWIFT_VERSION = 5.0;
				TARGETED_DEVICE_FAMILY = "1,2";
			};
			name = Release;
		};
/* End XCBuildConfiguration section */

/* Begin XCConfigurationList section */
		4A51264D25B2B5D00047B67D /* Build configuration list for PBXProject "Clean SpeakAR Code" */ = {
			isa = XCConfigurationList;
			buildConfigurations = (
				4A51266125B2B5D30047B67D /* Debug */,
				4A51266225B2B5D30047B67D /* Release */,
			);
			defaultConfigurationIsVisible = 0;
			defaultConfigurationName = Release;
		};
		4A51266325B2B5D30047B67D /* Build configuration list for PBXNativeTarget "Clean SpeakAR Code" */ = {
			isa = XCConfigurationList;
			buildConfigurations = (
				4A51266425B2B5D30047B67D /* Debug */,
				4A51266525B2B5D30047B67D /* Release */,
			);
			defaultConfigurationIsVisible = 0;
			defaultConfigurationName = Release;
		};
/* End XCConfigurationList section */
	};
	rootObject = 4A51264A25B2B5D00047B67D /* Project object */;
}
